// !$*UTF8*$!
{
	archiveVersion = 1;
	classes = {
	};
	objectVersion = 46;
	objects = {

/* Begin PBXBuildFile section */
		D2225B611F7D93E10065069B /* AppDelegate.swift in Sources */ = {isa = PBXBuildFile; fileRef = D2225B601F7D93E10065069B /* AppDelegate.swift */; };
		D2225B631F7D93E10065069B /* ViewController.swift in Sources */ = {isa = PBXBuildFile; fileRef = D2225B621F7D93E10065069B /* ViewController.swift */; };
		D2225B661F7D93E10065069B /* Main.storyboard in Resources */ = {isa = PBXBuildFile; fileRef = D2225B641F7D93E10065069B /* Main.storyboard */; };
		D2225B681F7D93E10065069B /* Assets.xcassets in Resources */ = {isa = PBXBuildFile; fileRef = D2225B671F7D93E10065069B /* Assets.xcassets */; };
		D2225B6B1F7D93E20065069B /* LaunchScreen.storyboard in Resources */ = {isa = PBXBuildFile; fileRef = D2225B691F7D93E20065069B /* LaunchScreen.storyboard */; };
		D2225B761F7D93E20065069B /* ErigoTests.swift in Sources */ = {isa = PBXBuildFile; fileRef = D2225B751F7D93E20065069B /* ErigoTests.swift */; };
/* End PBXBuildFile section */

/* Begin PBXContainerItemProxy section */
		D2225B721F7D93E20065069B /* PBXContainerItemProxy */ = {
			isa = PBXContainerItemProxy;
			containerPortal = D2225B551F7D93E00065069B /* Project object */;
			proxyType = 1;
			remoteGlobalIDString = D2225B5C1F7D93E10065069B;
			remoteInfo = Erigo;
		};
/* End PBXContainerItemProxy section */

/* Begin PBXFileReference section */
		D2225B5D1F7D93E10065069B /* Erigo.app */ = {isa = PBXFileReference; explicitFileType = wrapper.application; includeInIndex = 0; path = Erigo.app; sourceTree = BUILT_PRODUCTS_DIR; };
		D2225B601F7D93E10065069B /* AppDelegate.swift */ = {isa = PBXFileReference; lastKnownFileType = sourcecode.swift; path = AppDelegate.swift; sourceTree = "<group>"; };
		D2225B621F7D93E10065069B /* ViewController.swift */ = {isa = PBXFileReference; lastKnownFileType = sourcecode.swift; path = ViewController.swift; sourceTree = "<group>"; };
		D2225B651F7D93E10065069B /* Base */ = {isa = PBXFileReference; lastKnownFileType = file.storyboard; name = Base; path = Base.lproj/Main.storyboard; sourceTree = "<group>"; };
		D2225B671F7D93E10065069B /* Assets.xcassets */ = {isa = PBXFileReference; lastKnownFileType = folder.assetcatalog; path = Assets.xcassets; sourceTree = "<group>"; };
		D2225B6A1F7D93E20065069B /* Base */ = {isa = PBXFileReference; lastKnownFileType = file.storyboard; name = Base; path = Base.lproj/LaunchScreen.storyboard; sourceTree = "<group>"; };
		D2225B6C1F7D93E20065069B /* Info.plist */ = {isa = PBXFileReference; lastKnownFileType = text.plist.xml; path = Info.plist; sourceTree = "<group>"; };
		D2225B711F7D93E20065069B /* ErigoTests.xctest */ = {isa = PBXFileReference; explicitFileType = wrapper.cfbundle; includeInIndex = 0; path = ErigoTests.xctest; sourceTree = BUILT_PRODUCTS_DIR; };
		D2225B751F7D93E20065069B /* ErigoTests.swift */ = {isa = PBXFileReference; lastKnownFileType = sourcecode.swift; path = ErigoTests.swift; sourceTree = "<group>"; };
		D2225B771F7D93E20065069B /* Info.plist */ = {isa = PBXFileReference; lastKnownFileType = text.plist.xml; path = Info.plist; sourceTree = "<group>"; };
/* End PBXFileReference section */

/* Begin PBXFrameworksBuildPhase section */
		D2225B5A1F7D93E10065069B /* Frameworks */ = {
			isa = PBXFrameworksBuildPhase;
			buildActionMask = 2147483647;
			files = (
			);
			runOnlyForDeploymentPostprocessing = 0;
		};
		D2225B6E1F7D93E20065069B /* Frameworks */ = {
			isa = PBXFrameworksBuildPhase;
			buildActionMask = 2147483647;
			files = (
			);
			runOnlyForDeploymentPostprocessing = 0;
		};
/* End PBXFrameworksBuildPhase section */

/* Begin PBXGroup section */
		D2225B541F7D93E00065069B = {
			isa = PBXGroup;
			children = (
				D2225B5F1F7D93E10065069B /* Erigo */,
				D2225B741F7D93E20065069B /* ErigoTests */,
				D2225B5E1F7D93E10065069B /* Products */,
			);
			sourceTree = "<group>";
		};
		D2225B5E1F7D93E10065069B /* Products */ = {
			isa = PBXGroup;
			children = (
				D2225B5D1F7D93E10065069B /* Erigo.app */,
				D2225B711F7D93E20065069B /* ErigoTests.xctest */,
			);
			name = Products;
			sourceTree = "<group>";
		};
		D2225B5F1F7D93E10065069B /* Erigo */ = {
			isa = PBXGroup;
			children = (
				D2225B601F7D93E10065069B /* AppDelegate.swift */,
				D2225B621F7D93E10065069B /* ViewController.swift */,
				D2225B641F7D93E10065069B /* Main.storyboard */,
				D2225B671F7D93E10065069B /* Assets.xcassets */,
				D2225B691F7D93E20065069B /* LaunchScreen.storyboard */,
				D2225B6C1F7D93E20065069B /* Info.plist */,
			);
			path = Erigo;
			sourceTree = "<group>";
		};
		D2225B741F7D93E20065069B /* ErigoTests */ = {
			isa = PBXGroup;
			children = (
				D2225B751F7D93E20065069B /* ErigoTests.swift */,
				D2225B771F7D93E20065069B /* Info.plist */,
			);
			path = ErigoTests;
			sourceTree = "<group>";
		};
/* End PBXGroup section */

/* Begin PBXNativeTarget section */
		D2225B5C1F7D93E10065069B /* Erigo */ = {
			isa = PBXNativeTarget;
			buildConfigurationList = D2225B7A1F7D93E20065069B /* Build configuration list for PBXNativeTarget "Erigo" */;
			buildPhases = (
				D2225B591F7D93E10065069B /* Sources */,
				D2225B5A1F7D93E10065069B /* Frameworks */,
				D2225B5B1F7D93E10065069B /* Resources */,
			);
			buildRules = (
			);
			dependencies = (
			);
			name = Erigo;
			productName = Erigo;
			productReference = D2225B5D1F7D93E10065069B /* Erigo.app */;
			productType = "com.apple.product-type.application";
		};
		D2225B701F7D93E20065069B /* ErigoTests */ = {
			isa = PBXNativeTarget;
			buildConfigurationList = D2225B7D1F7D93E20065069B /* Build configuration list for PBXNativeTarget "ErigoTests" */;
			buildPhases = (
				D2225B6D1F7D93E20065069B /* Sources */,
				D2225B6E1F7D93E20065069B /* Frameworks */,
				D2225B6F1F7D93E20065069B /* Resources */,
			);
			buildRules = (
			);
			dependencies = (
				D2225B731F7D93E20065069B /* PBXTargetDependency */,
			);
			name = ErigoTests;
			productName = ErigoTests;
			productReference = D2225B711F7D93E20065069B /* ErigoTests.xctest */;
			productType = "com.apple.product-type.bundle.unit-test";
		};
/* End PBXNativeTarget section */

/* Begin PBXProject section */
		D2225B551F7D93E00065069B /* Project object */ = {
			isa = PBXProject;
			attributes = {
				LastSwiftUpdateCheck = 0830;
				LastUpgradeCheck = 0830;
				ORGANIZATIONNAME = "Robert Cooper";
				TargetAttributes = {
					D2225B5C1F7D93E10065069B = {
						CreatedOnToolsVersion = 8.3.3;
						DevelopmentTeam = BJ5747QS59;
						ProvisioningStyle = Automatic;
					};
					D2225B701F7D93E20065069B = {
						CreatedOnToolsVersion = 8.3.3;
						DevelopmentTeam = BJ5747QS59;
						ProvisioningStyle = Automatic;
						TestTargetID = D2225B5C1F7D93E10065069B;
					};
				};
			};
			buildConfigurationList = D2225B581F7D93E00065069B /* Build configuration list for PBXProject "Erigo" */;
			compatibilityVersion = "Xcode 3.2";
			developmentRegion = English;
			hasScannedForEncodings = 0;
			knownRegions = (
				en,
				Base,
			);
			mainGroup = D2225B541F7D93E00065069B;
			productRefGroup = D2225B5E1F7D93E10065069B /* Products */;
			projectDirPath = "";
			projectRoot = "";
			targets = (
				D2225B5C1F7D93E10065069B /* Erigo */,
				D2225B701F7D93E20065069B /* ErigoTests */,
			);
		};
/* End PBXProject section */

/* Begin PBXResourcesBuildPhase section */
		D2225B5B1F7D93E10065069B /* Resources */ = {
			isa = PBXResourcesBuildPhase;
			buildActionMask = 2147483647;
			files = (
				D2225B6B1F7D93E20065069B /* LaunchScreen.storyboard in Resources */,
				D2225B681F7D93E10065069B /* Assets.xcassets in Resources */,
				D2225B661F7D93E10065069B /* Main.storyboard in Resources */,
			);
			runOnlyForDeploymentPostprocessing = 0;
		};
		D2225B6F1F7D93E20065069B /* Resources */ = {
			isa = PBXResourcesBuildPhase;
			buildActionMask = 2147483647;
			files = (
			);
			runOnlyForDeploymentPostprocessing = 0;
		};
/* End PBXResourcesBuildPhase section */

/* Begin PBXSourcesBuildPhase section */
		D2225B591F7D93E10065069B /* Sources */ = {
			isa = PBXSourcesBuildPhase;
			buildActionMask = 2147483647;
			files = (
				D2225B631F7D93E10065069B /* ViewController.swift in Sources */,
				D2225B611F7D93E10065069B /* AppDelegate.swift in Sources */,
			);
			runOnlyForDeploymentPostprocessing = 0;
		};
		D2225B6D1F7D93E20065069B /* Sources */ = {
			isa = PBXSourcesBuildPhase;
			buildActionMask = 2147483647;
			files = (
				D2225B761F7D93E20065069B /* ErigoTests.swift in Sources */,
			);
			runOnlyForDeploymentPostprocessing = 0;
		};
/* End PBXSourcesBuildPhase section */

/* Begin PBXTargetDependency section */
		D2225B731F7D93E20065069B /* PBXTargetDependency */ = {
			isa = PBXTargetDependency;
			target = D2225B5C1F7D93E10065069B /* Erigo */;
			targetProxy = D2225B721F7D93E20065069B /* PBXContainerItemProxy */;
		};
/* End PBXTargetDependency section */

/* Begin PBXVariantGroup section */
		D2225B641F7D93E10065069B /* Main.storyboard */ = {
			isa = PBXVariantGroup;
			children = (
				D2225B651F7D93E10065069B /* Base */,
			);
			name = Main.storyboard;
			sourceTree = "<group>";
		};
		D2225B691F7D93E20065069B /* LaunchScreen.storyboard */ = {
			isa = PBXVariantGroup;
			children = (
				D2225B6A1F7D93E20065069B /* Base */,
			);
			name = LaunchScreen.storyboard;
			sourceTree = "<group>";
		};
/* End PBXVariantGroup section */

/* Begin XCBuildConfiguration section */
		D2225B781F7D93E20065069B /* Debug */ = {
			isa = XCBuildConfiguration;
			buildSettings = {
				ALWAYS_SEARCH_USER_PATHS = NO;
				CLANG_ANALYZER_NONNULL = YES;
				CLANG_ANALYZER_NUMBER_OBJECT_CONVERSION = YES_AGGRESSIVE;
				CLANG_CXX_LANGUAGE_STANDARD = "gnu++0x";
				CLANG_CXX_LIBRARY = "libc++";
				CLANG_ENABLE_MODULES = YES;
				CLANG_ENABLE_OBJC_ARC = YES;
				CLANG_WARN_BOOL_CONVERSION = YES;
				CLANG_WARN_CONSTANT_CONVERSION = YES;
				CLANG_WARN_DIRECT_OBJC_ISA_USAGE = YES_ERROR;
				CLANG_WARN_DOCUMENTATION_COMMENTS = YES;
				CLANG_WARN_EMPTY_BODY = YES;
				CLANG_WARN_ENUM_CONVERSION = YES;
				CLANG_WARN_INFINITE_RECURSION = YES;
				CLANG_WARN_INT_CONVERSION = YES;
				CLANG_WARN_OBJC_ROOT_CLASS = YES_ERROR;
				CLANG_WARN_SUSPICIOUS_MOVE = YES;
				CLANG_WARN_UNREACHABLE_CODE = YES;
				CLANG_WARN__DUPLICATE_METHOD_MATCH = YES;
				"CODE_SIGN_IDENTITY[sdk=iphoneos*]" = "iPhone Developer";
				COPY_PHASE_STRIP = NO;
				DEBUG_INFORMATION_FORMAT = dwarf;
				ENABLE_STRICT_OBJC_MSGSEND = YES;
				ENABLE_TESTABILITY = YES;
				GCC_C_LANGUAGE_STANDARD = gnu99;
				GCC_DYNAMIC_NO_PIC = NO;
				GCC_NO_COMMON_BLOCKS = YES;
				GCC_OPTIMIZATION_LEVEL = 0;
				GCC_PREPROCESSOR_DEFINITIONS = (
					"DEBUG=1",
					"$(inherited)",
				);
				GCC_WARN_64_TO_32_BIT_CONVERSION = YES;
				GCC_WARN_ABOUT_RETURN_TYPE = YES_ERROR;
				GCC_WARN_UNDECLARED_SELECTOR = YES;
				GCC_WARN_UNINITIALIZED_AUTOS = YES_AGGRESSIVE;
				GCC_WARN_UNUSED_FUNCTION = YES;
				GCC_WARN_UNUSED_VARIABLE = YES;
				IPHONEOS_DEPLOYMENT_TARGET = 10.3;
				MTL_ENABLE_DEBUG_INFO = YES;
				ONLY_ACTIVE_ARCH = YES;
				SDKROOT = iphoneos;
				SWIFT_ACTIVE_COMPILATION_CONDITIONS = DEBUG;
				SWIFT_OPTIMIZATION_LEVEL = "-Onone";
				TARGETED_DEVICE_FAMILY = "1,2";
			};
			name = Debug;
		};
		D2225B791F7D93E20065069B /* Release */ = {
			isa = XCBuildConfiguration;
			buildSettings = {
				ALWAYS_SEARCH_USER_PATHS = NO;
				CLANG_ANALYZER_NONNULL = YES;
				CLANG_ANALYZER_NUMBER_OBJECT_CONVERSION = YES_AGGRESSIVE;
				CLANG_CXX_LANGUAGE_STANDARD = "gnu++0x";
				CLANG_CXX_LIBRARY = "libc++";
				CLANG_ENABLE_MODULES = YES;
				CLANG_ENABLE_OBJC_ARC = YES;
				CLANG_WARN_BOOL_CONVERSION = YES;
				CLANG_WARN_CONSTANT_CONVERSION = YES;
				CLANG_WARN_DIRECT_OBJC_ISA_USAGE = YES_ERROR;
				CLANG_WARN_DOCUMENTATION_COMMENTS = YES;
				CLANG_WARN_EMPTY_BODY = YES;
				CLANG_WARN_ENUM_CONVERSION = YES;
				CLANG_WARN_INFINITE_RECURSION = YES;
				CLANG_WARN_INT_CONVERSION = YES;
				CLANG_WARN_OBJC_ROOT_CLASS = YES_ERROR;
				CLANG_WARN_SUSPICIOUS_MOVE = YES;
				CLANG_WARN_UNREACHABLE_CODE = YES;
				CLANG_WARN__DUPLICATE_METHOD_MATCH = YES;
				"CODE_SIGN_IDENTITY[sdk=iphoneos*]" = "iPhone Developer";
				COPY_PHASE_STRIP = NO;
				DEBUG_INFORMATION_FORMAT = "dwarf-with-dsym";
				ENABLE_NS_ASSERTIONS = NO;
				ENABLE_STRICT_OBJC_MSGSEND = YES;
				GCC_C_LANGUAGE_STANDARD = gnu99;
				GCC_NO_COMMON_BLOCKS = YES;
				GCC_WARN_64_TO_32_BIT_CONVERSION = YES;
				GCC_WARN_ABOUT_RETURN_TYPE = YES_ERROR;
				GCC_WARN_UNDECLARED_SELECTOR = YES;
				GCC_WARN_UNINITIALIZED_AUTOS = YES_AGGRESSIVE;
				GCC_WARN_UNUSED_FUNCTION = YES;
				GCC_WARN_UNUSED_VARIABLE = YES;
				IPHONEOS_DEPLOYMENT_TARGET = 10.3;
				MTL_ENABLE_DEBUG_INFO = NO;
				SDKROOT = iphoneos;
				SWIFT_OPTIMIZATION_LEVEL = "-Owholemodule";
				TARGETED_DEVICE_FAMILY = "1,2";
				VALIDATE_PRODUCT = YES;
			};
			name = Release;
		};
		D2225B7B1F7D93E20065069B /* Debug */ = {
			isa = XCBuildConfiguration;
			buildSettings = {
				ASSETCATALOG_COMPILER_APPICON_NAME = AppIcon;
				DEVELOPMENT_TEAM = BJ5747QS59;
				INFOPLIST_FILE = Erigo/Info.plist;
				LD_RUNPATH_SEARCH_PATHS = "$(inherited) @executable_path/Frameworks";
				PRODUCT_BUNDLE_IDENTIFIER = net.kebernet.kebernet.configuration.ios.Erigo;
				PRODUCT_NAME = "$(TARGET_NAME)";
				SWIFT_VERSION = 3.0;
			};
			name = Debug;
		};
		D2225B7C1F7D93E20065069B /* Release */ = {
			isa = XCBuildConfiguration;
			buildSettings = {
				ASSETCATALOG_COMPILER_APPICON_NAME = AppIcon;
				DEVELOPMENT_TEAM = BJ5747QS59;
				INFOPLIST_FILE = Erigo/Info.plist;
				LD_RUNPATH_SEARCH_PATHS = "$(inherited) @executable_path/Frameworks";
				PRODUCT_BUNDLE_IDENTIFIER = net.kebernet.kebernet.configuration.ios.Erigo;
				PRODUCT_NAME = "$(TARGET_NAME)";
				SWIFT_VERSION = 3.0;
			};
			name = Release;
		};
		D2225B7E1F7D93E20065069B /* Debug */ = {
			isa = XCBuildConfiguration;
			buildSettings = {
				ALWAYS_EMBED_SWIFT_STANDARD_LIBRARIES = YES;
				BUNDLE_LOADER = "$(TEST_HOST)";
				DEVELOPMENT_TEAM = BJ5747QS59;
				INFOPLIST_FILE = ErigoTests/Info.plist;
				LD_RUNPATH_SEARCH_PATHS = "$(inherited) @executable_path/Frameworks @loader_path/Frameworks";
				PRODUCT_BUNDLE_IDENTIFIER = net.kebernet.kebernet.configuration.ios.ErigoTests;
				PRODUCT_NAME = "$(TARGET_NAME)";
				SWIFT_VERSION = 3.0;
				TEST_HOST = "$(BUILT_PRODUCTS_DIR)/Erigo.app/Erigo";
			};
			name = Debug;
		};
		D2225B7F1F7D93E20065069B /* Release */ = {
			isa = XCBuildConfiguration;
			buildSettings = {
				ALWAYS_EMBED_SWIFT_STANDARD_LIBRARIES = YES;
				BUNDLE_LOADER = "$(TEST_HOST)";
				DEVELOPMENT_TEAM = BJ5747QS59;
				INFOPLIST_FILE = ErigoTests/Info.plist;
				LD_RUNPATH_SEARCH_PATHS = "$(inherited) @executable_path/Frameworks @loader_path/Frameworks";
				PRODUCT_BUNDLE_IDENTIFIER = net.kebernet.kebernet.configuration.ios.ErigoTests;
				PRODUCT_NAME = "$(TARGET_NAME)";
				SWIFT_VERSION = 3.0;
				TEST_HOST = "$(BUILT_PRODUCTS_DIR)/Erigo.app/Erigo";
			};
			name = Release;
		};
/* End XCBuildConfiguration section */

/* Begin XCConfigurationList section */
		D2225B581F7D93E00065069B /* Build configuration list for PBXProject "Erigo" */ = {
			isa = XCConfigurationList;
			buildConfigurations = (
				D2225B781F7D93E20065069B /* Debug */,
				D2225B791F7D93E20065069B /* Release */,
			);
			defaultConfigurationIsVisible = 0;
			defaultConfigurationName = Release;
		};
		D2225B7A1F7D93E20065069B /* Build configuration list for PBXNativeTarget "Erigo" */ = {
			isa = XCConfigurationList;
			buildConfigurations = (
				D2225B7B1F7D93E20065069B /* Debug */,
				D2225B7C1F7D93E20065069B /* Release */,
			);
			defaultConfigurationIsVisible = 0;
		};
		D2225B7D1F7D93E20065069B /* Build configuration list for PBXNativeTarget "ErigoTests" */ = {
			isa = XCConfigurationList;
			buildConfigurations = (
				D2225B7E1F7D93E20065069B /* Debug */,
				D2225B7F1F7D93E20065069B /* Release */,
			);
			defaultConfigurationIsVisible = 0;
		};
/* End XCConfigurationList section */
	};
	rootObject = D2225B551F7D93E00065069B /* Project object */;
}
