// !$*UTF8*$!
{
	archiveVersion = 1;
	classes = {
	};
	objectVersion = 46;
	objects = {

/* Begin PBXBuildFile section */
		D2268F101F0ACFB0008EEFF0 /* AppDelegate.swift in Sources */ = {isa = PBXBuildFile; fileRef = D2268F0F1F0ACFB0008EEFF0 /* AppDelegate.swift */; };
		D2268F121F0ACFB0008EEFF0 /* ViewController.swift in Sources */ = {isa = PBXBuildFile; fileRef = D2268F111F0ACFB0008EEFF0 /* ViewController.swift */; };
		D2268F151F0ACFB1008EEFF0 /* Main.storyboard in Resources */ = {isa = PBXBuildFile; fileRef = D2268F131F0ACFB1008EEFF0 /* Main.storyboard */; };
		D2268F171F0ACFB1008EEFF0 /* Assets.xcassets in Resources */ = {isa = PBXBuildFile; fileRef = D2268F161F0ACFB1008EEFF0 /* Assets.xcassets */; };
		D2268F1A1F0ACFB1008EEFF0 /* LaunchScreen.storyboard in Resources */ = {isa = PBXBuildFile; fileRef = D2268F181F0ACFB1008EEFF0 /* LaunchScreen.storyboard */; };
		D2268F251F0ACFB2008EEFF0 /* ConfigurationTests.swift in Sources */ = {isa = PBXBuildFile; fileRef = D2268F241F0ACFB2008EEFF0 /* ConfigurationTests.swift */; };
/* End PBXBuildFile section */

/* Begin PBXContainerItemProxy section */
		D2268F211F0ACFB2008EEFF0 /* PBXContainerItemProxy */ = {
			isa = PBXContainerItemProxy;
			containerPortal = D2268F041F0ACFAF008EEFF0 /* Project object */;
			proxyType = 1;
			remoteGlobalIDString = D2268F0B1F0ACFAF008EEFF0;
			remoteInfo = Configuration;
		};
/* End PBXContainerItemProxy section */

/* Begin PBXFileReference section */
		D2268F0C1F0ACFB0008EEFF0 /* Configuration.app */ = {isa = PBXFileReference; explicitFileType = wrapper.application; includeInIndex = 0; path = Configuration.app; sourceTree = BUILT_PRODUCTS_DIR; };
		D2268F0F1F0ACFB0008EEFF0 /* AppDelegate.swift */ = {isa = PBXFileReference; lastKnownFileType = sourcecode.swift; path = AppDelegate.swift; sourceTree = "<group>"; };
		D2268F111F0ACFB0008EEFF0 /* ViewController.swift */ = {isa = PBXFileReference; lastKnownFileType = sourcecode.swift; path = ViewController.swift; sourceTree = "<group>"; };
		D2268F141F0ACFB1008EEFF0 /* Base */ = {isa = PBXFileReference; lastKnownFileType = file.storyboard; name = Base; path = Base.lproj/Main.storyboard; sourceTree = "<group>"; };
		D2268F161F0ACFB1008EEFF0 /* Assets.xcassets */ = {isa = PBXFileReference; lastKnownFileType = folder.assetcatalog; path = Assets.xcassets; sourceTree = "<group>"; };
		D2268F191F0ACFB1008EEFF0 /* Base */ = {isa = PBXFileReference; lastKnownFileType = file.storyboard; name = Base; path = Base.lproj/LaunchScreen.storyboard; sourceTree = "<group>"; };
		D2268F1B1F0ACFB2008EEFF0 /* Info.plist */ = {isa = PBXFileReference; lastKnownFileType = text.plist.xml; path = Info.plist; sourceTree = "<group>"; };
		D2268F201F0ACFB2008EEFF0 /* ConfigurationTests.xctest */ = {isa = PBXFileReference; explicitFileType = wrapper.cfbundle; includeInIndex = 0; path = ConfigurationTests.xctest; sourceTree = BUILT_PRODUCTS_DIR; };
		D2268F241F0ACFB2008EEFF0 /* ConfigurationTests.swift */ = {isa = PBXFileReference; lastKnownFileType = sourcecode.swift; path = ConfigurationTests.swift; sourceTree = "<group>"; };
		D2268F261F0ACFB2008EEFF0 /* Info.plist */ = {isa = PBXFileReference; lastKnownFileType = text.plist.xml; path = Info.plist; sourceTree = "<group>"; };
/* End PBXFileReference section */

/* Begin PBXFrameworksBuildPhase section */
		D2268F091F0ACFAF008EEFF0 /* Frameworks */ = {
			isa = PBXFrameworksBuildPhase;
			buildActionMask = 2147483647;
			files = (
			);
			runOnlyForDeploymentPostprocessing = 0;
		};
		D2268F1D1F0ACFB2008EEFF0 /* Frameworks */ = {
			isa = PBXFrameworksBuildPhase;
			buildActionMask = 2147483647;
			files = (
			);
			runOnlyForDeploymentPostprocessing = 0;
		};
/* End PBXFrameworksBuildPhase section */

/* Begin PBXGroup section */
		D2268F031F0ACFAF008EEFF0 = {
			isa = PBXGroup;
			children = (
				D2268F0E1F0ACFB0008EEFF0 /* Configuration */,
				D2268F231F0ACFB2008EEFF0 /* ConfigurationTests */,
				D2268F0D1F0ACFB0008EEFF0 /* Products */,
			);
			sourceTree = "<group>";
		};
		D2268F0D1F0ACFB0008EEFF0 /* Products */ = {
			isa = PBXGroup;
			children = (
				D2268F0C1F0ACFB0008EEFF0 /* Configuration.app */,
				D2268F201F0ACFB2008EEFF0 /* ConfigurationTests.xctest */,
			);
			name = Products;
			sourceTree = "<group>";
		};
		D2268F0E1F0ACFB0008EEFF0 /* Configuration */ = {
			isa = PBXGroup;
			children = (
				D2268F0F1F0ACFB0008EEFF0 /* AppDelegate.swift */,
				D2268F111F0ACFB0008EEFF0 /* ViewController.swift */,
				D2268F131F0ACFB1008EEFF0 /* Main.storyboard */,
				D2268F161F0ACFB1008EEFF0 /* Assets.xcassets */,
				D2268F181F0ACFB1008EEFF0 /* LaunchScreen.storyboard */,
				D2268F1B1F0ACFB2008EEFF0 /* Info.plist */,
			);
			path = Configuration;
			sourceTree = "<group>";
		};
		D2268F231F0ACFB2008EEFF0 /* ConfigurationTests */ = {
			isa = PBXGroup;
			children = (
				D2268F241F0ACFB2008EEFF0 /* ConfigurationTests.swift */,
				D2268F261F0ACFB2008EEFF0 /* Info.plist */,
			);
			path = ConfigurationTests;
			sourceTree = "<group>";
		};
/* End PBXGroup section */

/* Begin PBXNativeTarget section */
		D2268F0B1F0ACFAF008EEFF0 /* Configuration */ = {
			isa = PBXNativeTarget;
			buildConfigurationList = D2268F291F0ACFB2008EEFF0 /* Build configuration list for PBXNativeTarget "Configuration" */;
			buildPhases = (
				D2268F081F0ACFAF008EEFF0 /* Sources */,
				D2268F091F0ACFAF008EEFF0 /* Frameworks */,
				D2268F0A1F0ACFAF008EEFF0 /* Resources */,
			);
			buildRules = (
			);
			dependencies = (
			);
			name = Configuration;
			productName = Configuration;
			productReference = D2268F0C1F0ACFB0008EEFF0 /* Configuration.app */;
			productType = "com.apple.product-type.application";
		};
		D2268F1F1F0ACFB2008EEFF0 /* ConfigurationTests */ = {
			isa = PBXNativeTarget;
			buildConfigurationList = D2268F2C1F0ACFB2008EEFF0 /* Build configuration list for PBXNativeTarget "ConfigurationTests" */;
			buildPhases = (
				D2268F1C1F0ACFB2008EEFF0 /* Sources */,
				D2268F1D1F0ACFB2008EEFF0 /* Frameworks */,
				D2268F1E1F0ACFB2008EEFF0 /* Resources */,
			);
			buildRules = (
			);
			dependencies = (
				D2268F221F0ACFB2008EEFF0 /* PBXTargetDependency */,
			);
			name = ConfigurationTests;
			productName = ConfigurationTests;
			productReference = D2268F201F0ACFB2008EEFF0 /* ConfigurationTests.xctest */;
			productType = "com.apple.product-type.bundle.unit-test";
		};
/* End PBXNativeTarget section */

/* Begin PBXProject section */
		D2268F041F0ACFAF008EEFF0 /* Project object */ = {
			isa = PBXProject;
			attributes = {
				LastSwiftUpdateCheck = 0820;
				LastUpgradeCheck = 0820;
				ORGANIZATIONNAME = "Robert Cooper";
				TargetAttributes = {
					D2268F0B1F0ACFAF008EEFF0 = {
						CreatedOnToolsVersion = 8.2;
						DevelopmentTeam = BJ5747QS59;
						ProvisioningStyle = Automatic;
					};
					D2268F1F1F0ACFB2008EEFF0 = {
						CreatedOnToolsVersion = 8.2;
						ProvisioningStyle = Automatic;
						TestTargetID = D2268F0B1F0ACFAF008EEFF0;
					};
				};
			};
			buildConfigurationList = D2268F071F0ACFAF008EEFF0 /* Build configuration list for PBXProject "Configuration" */;
			compatibilityVersion = "Xcode 3.2";
			developmentRegion = English;
			hasScannedForEncodings = 0;
			knownRegions = (
				en,
				Base,
			);
			mainGroup = D2268F031F0ACFAF008EEFF0;
			productRefGroup = D2268F0D1F0ACFB0008EEFF0 /* Products */;
			projectDirPath = "";
			projectRoot = "";
			targets = (
				D2268F0B1F0ACFAF008EEFF0 /* Configuration */,
				D2268F1F1F0ACFB2008EEFF0 /* ConfigurationTests */,
			);
		};
/* End PBXProject section */

/* Begin PBXResourcesBuildPhase section */
		D2268F0A1F0ACFAF008EEFF0 /* Resources */ = {
			isa = PBXResourcesBuildPhase;
			buildActionMask = 2147483647;
			files = (
				D2268F1A1F0ACFB1008EEFF0 /* LaunchScreen.storyboard in Resources */,
				D2268F171F0ACFB1008EEFF0 /* Assets.xcassets in Resources */,
				D2268F151F0ACFB1008EEFF0 /* Main.storyboard in Resources */,
			);
			runOnlyForDeploymentPostprocessing = 0;
		};
		D2268F1E1F0ACFB2008EEFF0 /* Resources */ = {
			isa = PBXResourcesBuildPhase;
			buildActionMask = 2147483647;
			files = (
			);
			runOnlyForDeploymentPostprocessing = 0;
		};
/* End PBXResourcesBuildPhase section */

/* Begin PBXSourcesBuildPhase section */
		D2268F081F0ACFAF008EEFF0 /* Sources */ = {
			isa = PBXSourcesBuildPhase;
			buildActionMask = 2147483647;
			files = (
				D2268F121F0ACFB0008EEFF0 /* ViewController.swift in Sources */,
				D2268F101F0ACFB0008EEFF0 /* AppDelegate.swift in Sources */,
			);
			runOnlyForDeploymentPostprocessing = 0;
		};
		D2268F1C1F0ACFB2008EEFF0 /* Sources */ = {
			isa = PBXSourcesBuildPhase;
			buildActionMask = 2147483647;
			files = (
				D2268F251F0ACFB2008EEFF0 /* ConfigurationTests.swift in Sources */,
			);
			runOnlyForDeploymentPostprocessing = 0;
		};
/* End PBXSourcesBuildPhase section */

/* Begin PBXTargetDependency section */
		D2268F221F0ACFB2008EEFF0 /* PBXTargetDependency */ = {
			isa = PBXTargetDependency;
			target = D2268F0B1F0ACFAF008EEFF0 /* Configuration */;
			targetProxy = D2268F211F0ACFB2008EEFF0 /* PBXContainerItemProxy */;
		};
/* End PBXTargetDependency section */

/* Begin PBXVariantGroup section */
		D2268F131F0ACFB1008EEFF0 /* Main.storyboard */ = {
			isa = PBXVariantGroup;
			children = (
				D2268F141F0ACFB1008EEFF0 /* Base */,
			);
			name = Main.storyboard;
			sourceTree = "<group>";
		};
		D2268F181F0ACFB1008EEFF0 /* LaunchScreen.storyboard */ = {
			isa = PBXVariantGroup;
			children = (
				D2268F191F0ACFB1008EEFF0 /* Base */,
			);
			name = LaunchScreen.storyboard;
			sourceTree = "<group>";
		};
/* End PBXVariantGroup section */

/* Begin XCBuildConfiguration section */
		D2268F271F0ACFB2008EEFF0 /* Debug */ = {
			isa = XCBuildConfiguration;
			buildSettings = {
				ALWAYS_SEARCH_USER_PATHS = NO;
				CLANG_ANALYZER_NONNULL = YES;
				CLANG_CXX_LANGUAGE_STANDARD = "gnu++0x";
				CLANG_CXX_LIBRARY = "libc++";
				CLANG_ENABLE_MODULES = YES;
				CLANG_ENABLE_OBJC_ARC = YES;
				CLANG_WARN_BOOL_CONVERSION = YES;
				CLANG_WARN_CONSTANT_CONVERSION = YES;
				CLANG_WARN_DIRECT_OBJC_ISA_USAGE = YES_ERROR;
				CLANG_WARN_DOCUMENTATION_COMMENTS = YES;
				CLANG_WARN_EMPTY_BODY = YES;
				CLANG_WARN_ENUM_CONVERSION = YES;
				CLANG_WARN_INFINITE_RECURSION = YES;
				CLANG_WARN_INT_CONVERSION = YES;
				CLANG_WARN_OBJC_ROOT_CLASS = YES_ERROR;
				CLANG_WARN_SUSPICIOUS_MOVE = YES;
				CLANG_WARN_UNREACHABLE_CODE = YES;
				CLANG_WARN__DUPLICATE_METHOD_MATCH = YES;
				"CODE_SIGN_IDENTITY[sdk=iphoneos*]" = "iPhone Developer";
				COPY_PHASE_STRIP = NO;
				DEBUG_INFORMATION_FORMAT = dwarf;
				ENABLE_STRICT_OBJC_MSGSEND = YES;
				ENABLE_TESTABILITY = YES;
				GCC_C_LANGUAGE_STANDARD = gnu99;
				GCC_DYNAMIC_NO_PIC = NO;
				GCC_NO_COMMON_BLOCKS = YES;
				GCC_OPTIMIZATION_LEVEL = 0;
				GCC_PREPROCESSOR_DEFINITIONS = (
					"DEBUG=1",
					"$(inherited)",
				);
				GCC_WARN_64_TO_32_BIT_CONVERSION = YES;
				GCC_WARN_ABOUT_RETURN_TYPE = YES_ERROR;
				GCC_WARN_UNDECLARED_SELECTOR = YES;
				GCC_WARN_UNINITIALIZED_AUTOS = YES_AGGRESSIVE;
				GCC_WARN_UNUSED_FUNCTION = YES;
				GCC_WARN_UNUSED_VARIABLE = YES;
				IPHONEOS_DEPLOYMENT_TARGET = 10.2;
				MTL_ENABLE_DEBUG_INFO = YES;
				ONLY_ACTIVE_ARCH = YES;
				SDKROOT = iphoneos;
				SWIFT_ACTIVE_COMPILATION_CONDITIONS = DEBUG;
				SWIFT_OPTIMIZATION_LEVEL = "-Onone";
				TARGETED_DEVICE_FAMILY = "1,2";
			};
			name = Debug;
		};
		D2268F281F0ACFB2008EEFF0 /* Release */ = {
			isa = XCBuildConfiguration;
			buildSettings = {
				ALWAYS_SEARCH_USER_PATHS = NO;
				CLANG_ANALYZER_NONNULL = YES;
				CLANG_CXX_LANGUAGE_STANDARD = "gnu++0x";
				CLANG_CXX_LIBRARY = "libc++";
				CLANG_ENABLE_MODULES = YES;
				CLANG_ENABLE_OBJC_ARC = YES;
				CLANG_WARN_BOOL_CONVERSION = YES;
				CLANG_WARN_CONSTANT_CONVERSION = YES;
				CLANG_WARN_DIRECT_OBJC_ISA_USAGE = YES_ERROR;
				CLANG_WARN_DOCUMENTATION_COMMENTS = YES;
				CLANG_WARN_EMPTY_BODY = YES;
				CLANG_WARN_ENUM_CONVERSION = YES;
				CLANG_WARN_INFINITE_RECURSION = YES;
				CLANG_WARN_INT_CONVERSION = YES;
				CLANG_WARN_OBJC_ROOT_CLASS = YES_ERROR;
				CLANG_WARN_SUSPICIOUS_MOVE = YES;
				CLANG_WARN_UNREACHABLE_CODE = YES;
				CLANG_WARN__DUPLICATE_METHOD_MATCH = YES;
				"CODE_SIGN_IDENTITY[sdk=iphoneos*]" = "iPhone Developer";
				COPY_PHASE_STRIP = NO;
				DEBUG_INFORMATION_FORMAT = "dwarf-with-dsym";
				ENABLE_NS_ASSERTIONS = NO;
				ENABLE_STRICT_OBJC_MSGSEND = YES;
				GCC_C_LANGUAGE_STANDARD = gnu99;
				GCC_NO_COMMON_BLOCKS = YES;
				GCC_WARN_64_TO_32_BIT_CONVERSION = YES;
				GCC_WARN_ABOUT_RETURN_TYPE = YES_ERROR;
				GCC_WARN_UNDECLARED_SELECTOR = YES;
				GCC_WARN_UNINITIALIZED_AUTOS = YES_AGGRESSIVE;
				GCC_WARN_UNUSED_FUNCTION = YES;
				GCC_WARN_UNUSED_VARIABLE = YES;
				IPHONEOS_DEPLOYMENT_TARGET = 10.2;
				MTL_ENABLE_DEBUG_INFO = NO;
				SDKROOT = iphoneos;
				SWIFT_OPTIMIZATION_LEVEL = "-Owholemodule";
				TARGETED_DEVICE_FAMILY = "1,2";
				VALIDATE_PRODUCT = YES;
			};
			name = Release;
		};
		D2268F2A1F0ACFB2008EEFF0 /* Debug */ = {
			isa = XCBuildConfiguration;
			buildSettings = {
				ASSETCATALOG_COMPILER_APPICON_NAME = AppIcon;
				DEVELOPMENT_TEAM = BJ5747QS59;
				INFOPLIST_FILE = Configuration/Info.plist;
				LD_RUNPATH_SEARCH_PATHS = "$(inherited) @executable_path/Frameworks";
				PRODUCT_BUNDLE_IDENTIFIER = net.kebernet.Configuration;
				PRODUCT_NAME = "$(TARGET_NAME)";
				SWIFT_VERSION = 3.0;
			};
			name = Debug;
		};
		D2268F2B1F0ACFB2008EEFF0 /* Release */ = {
			isa = XCBuildConfiguration;
			buildSettings = {
				ASSETCATALOG_COMPILER_APPICON_NAME = AppIcon;
				DEVELOPMENT_TEAM = BJ5747QS59;
				INFOPLIST_FILE = Configuration/Info.plist;
				LD_RUNPATH_SEARCH_PATHS = "$(inherited) @executable_path/Frameworks";
				PRODUCT_BUNDLE_IDENTIFIER = net.kebernet.Configuration;
				PRODUCT_NAME = "$(TARGET_NAME)";
				SWIFT_VERSION = 3.0;
			};
			name = Release;
		};
		D2268F2D1F0ACFB2008EEFF0 /* Debug */ = {
			isa = XCBuildConfiguration;
			buildSettings = {
				ALWAYS_EMBED_SWIFT_STANDARD_LIBRARIES = YES;
				BUNDLE_LOADER = "$(TEST_HOST)";
				INFOPLIST_FILE = ConfigurationTests/Info.plist;
				LD_RUNPATH_SEARCH_PATHS = "$(inherited) @executable_path/Frameworks @loader_path/Frameworks";
				PRODUCT_BUNDLE_IDENTIFIER = net.kebernet.ConfigurationTests;
				PRODUCT_NAME = "$(TARGET_NAME)";
				SWIFT_VERSION = 3.0;
				TEST_HOST = "$(BUILT_PRODUCTS_DIR)/Configuration.app/Configuration";
			};
			name = Debug;
		};
		D2268F2E1F0ACFB2008EEFF0 /* Release */ = {
			isa = XCBuildConfiguration;
			buildSettings = {
				ALWAYS_EMBED_SWIFT_STANDARD_LIBRARIES = YES;
				BUNDLE_LOADER = "$(TEST_HOST)";
				INFOPLIST_FILE = ConfigurationTests/Info.plist;
				LD_RUNPATH_SEARCH_PATHS = "$(inherited) @executable_path/Frameworks @loader_path/Frameworks";
				PRODUCT_BUNDLE_IDENTIFIER = net.kebernet.ConfigurationTests;
				PRODUCT_NAME = "$(TARGET_NAME)";
				SWIFT_VERSION = 3.0;
				TEST_HOST = "$(BUILT_PRODUCTS_DIR)/Configuration.app/Configuration";
			};
			name = Release;
		};
/* End XCBuildConfiguration section */

/* Begin XCConfigurationList section */
		D2268F071F0ACFAF008EEFF0 /* Build configuration list for PBXProject "Configuration" */ = {
			isa = XCConfigurationList;
			buildConfigurations = (
				D2268F271F0ACFB2008EEFF0 /* Debug */,
				D2268F281F0ACFB2008EEFF0 /* Release */,
			);
			defaultConfigurationIsVisible = 0;
			defaultConfigurationName = Release;
		};
		D2268F291F0ACFB2008EEFF0 /* Build configuration list for PBXNativeTarget "Configuration" */ = {
			isa = XCConfigurationList;
			buildConfigurations = (
				D2268F2A1F0ACFB2008EEFF0 /* Debug */,
				D2268F2B1F0ACFB2008EEFF0 /* Release */,
			);
			defaultConfigurationIsVisible = 0;
			defaultConfigurationName = Release;
		};
		D2268F2C1F0ACFB2008EEFF0 /* Build configuration list for PBXNativeTarget "ConfigurationTests" */ = {
			isa = XCConfigurationList;
			buildConfigurations = (
				D2268F2D1F0ACFB2008EEFF0 /* Debug */,
				D2268F2E1F0ACFB2008EEFF0 /* Release */,
			);
			defaultConfigurationIsVisible = 0;
			defaultConfigurationName = Release;
		};
/* End XCConfigurationList section */
	};
	rootObject = D2268F041F0ACFAF008EEFF0 /* Project object */;
}
